// !$*UTF8*$!
{
	archiveVersion = 1;
	classes = {
	};
	objectVersion = 46;
	objects = {

/* Begin PBXBuildFile section */
		1837D22F1DEF57930035E9F8 /* EditFriendsTableViewController.swift in Sources */ = {isa = PBXBuildFile; fileRef = 1837D22E1DEF57930035E9F8 /* EditFriendsTableViewController.swift */; };
		18491F031DEDF21400103725 /* AppDelegate.swift in Sources */ = {isa = PBXBuildFile; fileRef = 18491F021DEDF21400103725 /* AppDelegate.swift */; };
		18491F081DEDF21400103725 /* Main.storyboard in Resources */ = {isa = PBXBuildFile; fileRef = 18491F061DEDF21400103725 /* Main.storyboard */; };
		18491F0A1DEDF21400103725 /* Assets.xcassets in Resources */ = {isa = PBXBuildFile; fileRef = 18491F091DEDF21400103725 /* Assets.xcassets */; };
		18491F0D1DEDF21400103725 /* LaunchScreen.storyboard in Resources */ = {isa = PBXBuildFile; fileRef = 18491F0B1DEDF21400103725 /* LaunchScreen.storyboard */; };
		18491F151DEDF63200103725 /* GoogleService-Info.plist in Resources */ = {isa = PBXBuildFile; fileRef = 18491F141DEDF63200103725 /* GoogleService-Info.plist */; };
		18A2C6FD1DEDFF9D000DD6B6 /* InboxViewController.swift in Sources */ = {isa = PBXBuildFile; fileRef = 18A2C6FC1DEDFF9D000DD6B6 /* InboxViewController.swift */; };
		18A2C6FF1DEE0138000DD6B6 /* GeneralHelper.swift in Sources */ = {isa = PBXBuildFile; fileRef = 18A2C6FE1DEE0138000DD6B6 /* GeneralHelper.swift */; };
		18A2C7031DEE026E000DD6B6 /* WelcomeViewController.swift in Sources */ = {isa = PBXBuildFile; fileRef = 18A2C7021DEE026E000DD6B6 /* WelcomeViewController.swift */; };
		18A2C7051DEE0316000DD6B6 /* SignupTableViewController.swift in Sources */ = {isa = PBXBuildFile; fileRef = 18A2C7041DEE0316000DD6B6 /* SignupTableViewController.swift */; };
		18A2C7081DEE0513000DD6B6 /* LoginViewController.swift in Sources */ = {isa = PBXBuildFile; fileRef = 18A2C7071DEE0513000DD6B6 /* LoginViewController.swift */; };
		18A2C70C1DEE059C000DD6B6 /* User.swift in Sources */ = {isa = PBXBuildFile; fileRef = 18A2C70B1DEE059C000DD6B6 /* User.swift */; };
		18A2C70E1DEE0757000DD6B6 /* DataService.swift in Sources */ = {isa = PBXBuildFile; fileRef = 18A2C70D1DEE0757000DD6B6 /* DataService.swift */; };
		18A2C7101DEE0952000DD6B6 /* AuthService.swift in Sources */ = {isa = PBXBuildFile; fileRef = 18A2C70F1DEE0952000DD6B6 /* AuthService.swift */; };
		18AD93A91DEF665A00094421 /* UserCell.swift in Sources */ = {isa = PBXBuildFile; fileRef = 18AD93A81DEF665A00094421 /* UserCell.swift */; };
		18C459401DF033CC00E40FEA /* FriendsTableViewController.swift in Sources */ = {isa = PBXBuildFile; fileRef = 18C4593F1DF033CC00E40FEA /* FriendsTableViewController.swift */; };
		727AF2669FFF39BF9A9D8A5D /* Pods_SnappyChatty.framework in Frameworks */ = {isa = PBXBuildFile; fileRef = 4474750C0F15FA350AA57A50 /* Pods_SnappyChatty.framework */; };
/* End PBXBuildFile section */

/* Begin PBXFileReference section */
		1837D22E1DEF57930035E9F8 /* EditFriendsTableViewController.swift */ = {isa = PBXFileReference; fileEncoding = 4; lastKnownFileType = sourcecode.swift; path = EditFriendsTableViewController.swift; sourceTree = "<group>"; };
		18491EFF1DEDF21400103725 /* SnappyChatty.app */ = {isa = PBXFileReference; explicitFileType = wrapper.application; includeInIndex = 0; path = SnappyChatty.app; sourceTree = BUILT_PRODUCTS_DIR; };
		18491F021DEDF21400103725 /* AppDelegate.swift */ = {isa = PBXFileReference; lastKnownFileType = sourcecode.swift; path = AppDelegate.swift; sourceTree = "<group>"; };
		18491F071DEDF21400103725 /* Base */ = {isa = PBXFileReference; lastKnownFileType = file.storyboard; name = Base; path = Base.lproj/Main.storyboard; sourceTree = "<group>"; };
		18491F091DEDF21400103725 /* Assets.xcassets */ = {isa = PBXFileReference; lastKnownFileType = folder.assetcatalog; path = Assets.xcassets; sourceTree = "<group>"; };
		18491F0C1DEDF21400103725 /* Base */ = {isa = PBXFileReference; lastKnownFileType = file.storyboard; name = Base; path = Base.lproj/LaunchScreen.storyboard; sourceTree = "<group>"; };
		18491F0E1DEDF21400103725 /* Info.plist */ = {isa = PBXFileReference; lastKnownFileType = text.plist.xml; path = Info.plist; sourceTree = "<group>"; };
		18491F141DEDF63200103725 /* GoogleService-Info.plist */ = {isa = PBXFileReference; fileEncoding = 4; lastKnownFileType = text.plist.xml; path = "GoogleService-Info.plist"; sourceTree = "<group>"; };
		18A2C6FC1DEDFF9D000DD6B6 /* InboxViewController.swift */ = {isa = PBXFileReference; fileEncoding = 4; lastKnownFileType = sourcecode.swift; path = InboxViewController.swift; sourceTree = "<group>"; };
		18A2C6FE1DEE0138000DD6B6 /* GeneralHelper.swift */ = {isa = PBXFileReference; fileEncoding = 4; lastKnownFileType = sourcecode.swift; path = GeneralHelper.swift; sourceTree = "<group>"; };
		18A2C7021DEE026E000DD6B6 /* WelcomeViewController.swift */ = {isa = PBXFileReference; fileEncoding = 4; lastKnownFileType = sourcecode.swift; path = WelcomeViewController.swift; sourceTree = "<group>"; };
		18A2C7041DEE0316000DD6B6 /* SignupTableViewController.swift */ = {isa = PBXFileReference; fileEncoding = 4; lastKnownFileType = sourcecode.swift; path = SignupTableViewController.swift; sourceTree = "<group>"; };
		18A2C7071DEE0513000DD6B6 /* LoginViewController.swift */ = {isa = PBXFileReference; fileEncoding = 4; lastKnownFileType = sourcecode.swift; path = LoginViewController.swift; sourceTree = "<group>"; };
		18A2C70B1DEE059C000DD6B6 /* User.swift */ = {isa = PBXFileReference; fileEncoding = 4; lastKnownFileType = sourcecode.swift; path = User.swift; sourceTree = "<group>"; };
		18A2C70D1DEE0757000DD6B6 /* DataService.swift */ = {isa = PBXFileReference; fileEncoding = 4; lastKnownFileType = sourcecode.swift; path = DataService.swift; sourceTree = "<group>"; };
		18A2C70F1DEE0952000DD6B6 /* AuthService.swift */ = {isa = PBXFileReference; fileEncoding = 4; lastKnownFileType = sourcecode.swift; path = AuthService.swift; sourceTree = "<group>"; };
		18AD93A81DEF665A00094421 /* UserCell.swift */ = {isa = PBXFileReference; fileEncoding = 4; lastKnownFileType = sourcecode.swift; path = UserCell.swift; sourceTree = "<group>"; };
		18C4593F1DF033CC00E40FEA /* FriendsTableViewController.swift */ = {isa = PBXFileReference; fileEncoding = 4; lastKnownFileType = sourcecode.swift; path = FriendsTableViewController.swift; sourceTree = "<group>"; };
		4474750C0F15FA350AA57A50 /* Pods_SnappyChatty.framework */ = {isa = PBXFileReference; explicitFileType = wrapper.framework; includeInIndex = 0; path = Pods_SnappyChatty.framework; sourceTree = BUILT_PRODUCTS_DIR; };
		64606941F53D4CBC3C3CC92D /* Pods-SnappyChatty.debug.xcconfig */ = {isa = PBXFileReference; includeInIndex = 1; lastKnownFileType = text.xcconfig; name = "Pods-SnappyChatty.debug.xcconfig"; path = "Pods/Target Support Files/Pods-SnappyChatty/Pods-SnappyChatty.debug.xcconfig"; sourceTree = "<group>"; };
		EC152AE8F10872D8B67E3313 /* Pods-SnappyChatty.release.xcconfig */ = {isa = PBXFileReference; includeInIndex = 1; lastKnownFileType = text.xcconfig; name = "Pods-SnappyChatty.release.xcconfig"; path = "Pods/Target Support Files/Pods-SnappyChatty/Pods-SnappyChatty.release.xcconfig"; sourceTree = "<group>"; };
/* End PBXFileReference section */

/* Begin PBXFrameworksBuildPhase section */
		18491EFC1DEDF21400103725 /* Frameworks */ = {
			isa = PBXFrameworksBuildPhase;
			buildActionMask = 2147483647;
			files = (
				727AF2669FFF39BF9A9D8A5D /* Pods_SnappyChatty.framework in Frameworks */,
			);
			runOnlyForDeploymentPostprocessing = 0;
		};
/* End PBXFrameworksBuildPhase section */

/* Begin PBXGroup section */
		18491EF61DEDF21400103725 = {
			isa = PBXGroup;
			children = (
				18491F011DEDF21400103725 /* SnappyChatty */,
				18491F001DEDF21400103725 /* Products */,
				FE7EE24A33B13C7CC91D2BCC /* Pods */,
				C7E75299EA33351A5E06F294 /* Frameworks */,
			);
			sourceTree = "<group>";
		};
		18491F001DEDF21400103725 /* Products */ = {
			isa = PBXGroup;
			children = (
				18491EFF1DEDF21400103725 /* SnappyChatty.app */,
			);
			name = Products;
			sourceTree = "<group>";
		};
		18491F011DEDF21400103725 /* SnappyChatty */ = {
			isa = PBXGroup;
			children = (
				18491F021DEDF21400103725 /* AppDelegate.swift */,
				18A2C7111DEE1502000DD6B6 /* Services */,
				18A2C7001DEE014A000DD6B6 /* Helper Classes */,
				18A2C7121DEE150E000DD6B6 /* Model */,
				18A2C7011DEE0153000DD6B6 /* Controller */,
				18491F061DEDF21400103725 /* Main.storyboard */,
				18A2C7061DEE0488000DD6B6 /* User Authentication */,
				18491F091DEDF21400103725 /* Assets.xcassets */,
				18491F0B1DEDF21400103725 /* LaunchScreen.storyboard */,
				18491F0E1DEDF21400103725 /* Info.plist */,
				18491F141DEDF63200103725 /* GoogleService-Info.plist */,
			);
			path = SnappyChatty;
			sourceTree = "<group>";
		};
		18A2C7001DEE014A000DD6B6 /* Helper Classes */ = {
			isa = PBXGroup;
			children = (
				18A2C6FE1DEE0138000DD6B6 /* GeneralHelper.swift */,
			);
			name = "Helper Classes";
			sourceTree = "<group>";
		};
		18A2C7011DEE0153000DD6B6 /* Controller */ = {
			isa = PBXGroup;
			children = (
				18A2C6FC1DEDFF9D000DD6B6 /* InboxViewController.swift */,
				1837D22E1DEF57930035E9F8 /* EditFriendsTableViewController.swift */,
				18C4593F1DF033CC00E40FEA /* FriendsTableViewController.swift */,
				18AD93A81DEF665A00094421 /* UserCell.swift */,
			);
			name = Controller;
			sourceTree = "<group>";
		};
		18A2C7061DEE0488000DD6B6 /* User Authentication */ = {
			isa = PBXGroup;
			children = (
				18A2C7021DEE026E000DD6B6 /* WelcomeViewController.swift */,
				18A2C7041DEE0316000DD6B6 /* SignupTableViewController.swift */,
				18A2C7071DEE0513000DD6B6 /* LoginViewController.swift */,
			);
			name = "User Authentication";
			sourceTree = "<group>";
		};
		18A2C7111DEE1502000DD6B6 /* Services */ = {
			isa = PBXGroup;
			children = (
				18A2C70D1DEE0757000DD6B6 /* DataService.swift */,
				18A2C70F1DEE0952000DD6B6 /* AuthService.swift */,
			);
			name = Services;
			sourceTree = "<group>";
		};
		18A2C7121DEE150E000DD6B6 /* Model */ = {
			isa = PBXGroup;
			children = (
				18A2C70B1DEE059C000DD6B6 /* User.swift */,
			);
			name = Model;
			sourceTree = "<group>";
		};
		C7E75299EA33351A5E06F294 /* Frameworks */ = {
			isa = PBXGroup;
			children = (
				4474750C0F15FA350AA57A50 /* Pods_SnappyChatty.framework */,
			);
			name = Frameworks;
			sourceTree = "<group>";
		};
		FE7EE24A33B13C7CC91D2BCC /* Pods */ = {
			isa = PBXGroup;
			children = (
				64606941F53D4CBC3C3CC92D /* Pods-SnappyChatty.debug.xcconfig */,
				EC152AE8F10872D8B67E3313 /* Pods-SnappyChatty.release.xcconfig */,
			);
			name = Pods;
			sourceTree = "<group>";
		};
/* End PBXGroup section */

/* Begin PBXNativeTarget section */
		18491EFE1DEDF21400103725 /* SnappyChatty */ = {
			isa = PBXNativeTarget;
			buildConfigurationList = 18491F111DEDF21400103725 /* Build configuration list for PBXNativeTarget "SnappyChatty" */;
			buildPhases = (
				F3EBC3EF72411D9B99B836B8 /* [CP] Check Pods Manifest.lock */,
				18491EFB1DEDF21400103725 /* Sources */,
				18491EFC1DEDF21400103725 /* Frameworks */,
				18491EFD1DEDF21400103725 /* Resources */,
				C5933E83D246EAA499857AE9 /* [CP] Embed Pods Frameworks */,
				624F01C9BEEE73A8D15F6DD5 /* [CP] Copy Pods Resources */,
			);
			buildRules = (
			);
			dependencies = (
			);
			name = SnappyChatty;
			productName = SnappyChatty;
			productReference = 18491EFF1DEDF21400103725 /* SnappyChatty.app */;
			productType = "com.apple.product-type.application";
		};
/* End PBXNativeTarget section */

/* Begin PBXProject section */
		18491EF71DEDF21400103725 /* Project object */ = {
			isa = PBXProject;
			attributes = {
				LastSwiftUpdateCheck = 0810;
				LastUpgradeCheck = 0810;
				ORGANIZATIONNAME = "Anton Novoselov";
				TargetAttributes = {
					18491EFE1DEDF21400103725 = {
						CreatedOnToolsVersion = 8.1;
						DevelopmentTeam = 358V8FBM3U;
						ProvisioningStyle = Automatic;
					};
				};
			};
			buildConfigurationList = 18491EFA1DEDF21400103725 /* Build configuration list for PBXProject "SnappyChatty" */;
			compatibilityVersion = "Xcode 3.2";
			developmentRegion = English;
			hasScannedForEncodings = 0;
			knownRegions = (
				en,
				Base,
			);
			mainGroup = 18491EF61DEDF21400103725;
			productRefGroup = 18491F001DEDF21400103725 /* Products */;
			projectDirPath = "";
			projectRoot = "";
			targets = (
				18491EFE1DEDF21400103725 /* SnappyChatty */,
			);
		};
/* End PBXProject section */

/* Begin PBXResourcesBuildPhase section */
		18491EFD1DEDF21400103725 /* Resources */ = {
			isa = PBXResourcesBuildPhase;
			buildActionMask = 2147483647;
			files = (
				18491F0D1DEDF21400103725 /* LaunchScreen.storyboard in Resources */,
				18491F151DEDF63200103725 /* GoogleService-Info.plist in Resources */,
				18491F0A1DEDF21400103725 /* Assets.xcassets in Resources */,
				18491F081DEDF21400103725 /* Main.storyboard in Resources */,
			);
			runOnlyForDeploymentPostprocessing = 0;
		};
/* End PBXResourcesBuildPhase section */

/* Begin PBXShellScriptBuildPhase section */
		624F01C9BEEE73A8D15F6DD5 /* [CP] Copy Pods Resources */ = {
			isa = PBXShellScriptBuildPhase;
			buildActionMask = 2147483647;
			files = (
			);
			inputPaths = (
			);
			name = "[CP] Copy Pods Resources";
			outputPaths = (
			);
			runOnlyForDeploymentPostprocessing = 0;
			shellPath = /bin/sh;
			shellScript = "\"${SRCROOT}/Pods/Target Support Files/Pods-SnappyChatty/Pods-SnappyChatty-resources.sh\"\n";
			showEnvVarsInLog = 0;
		};
		C5933E83D246EAA499857AE9 /* [CP] Embed Pods Frameworks */ = {
			isa = PBXShellScriptBuildPhase;
			buildActionMask = 2147483647;
			files = (
			);
			inputPaths = (
			);
			name = "[CP] Embed Pods Frameworks";
			outputPaths = (
			);
			runOnlyForDeploymentPostprocessing = 0;
			shellPath = /bin/sh;
			shellScript = "\"${SRCROOT}/Pods/Target Support Files/Pods-SnappyChatty/Pods-SnappyChatty-frameworks.sh\"\n";
			showEnvVarsInLog = 0;
		};
		F3EBC3EF72411D9B99B836B8 /* [CP] Check Pods Manifest.lock */ = {
			isa = PBXShellScriptBuildPhase;
			buildActionMask = 2147483647;
			files = (
			);
			inputPaths = (
			);
			name = "[CP] Check Pods Manifest.lock";
			outputPaths = (
			);
			runOnlyForDeploymentPostprocessing = 0;
			shellPath = /bin/sh;
			shellScript = "diff \"${PODS_ROOT}/../Podfile.lock\" \"${PODS_ROOT}/Manifest.lock\" > /dev/null\nif [ $? != 0 ] ; then\n    # print error to STDERR\n    echo \"error: The sandbox is not in sync with the Podfile.lock. Run 'pod install' or update your CocoaPods installation.\" >&2\n    exit 1\nfi\n";
			showEnvVarsInLog = 0;
		};
/* End PBXShellScriptBuildPhase section */

/* Begin PBXSourcesBuildPhase section */
		18491EFB1DEDF21400103725 /* Sources */ = {
			isa = PBXSourcesBuildPhase;
			buildActionMask = 2147483647;
			files = (
				18A2C70E1DEE0757000DD6B6 /* DataService.swift in Sources */,
				18A2C7081DEE0513000DD6B6 /* LoginViewController.swift in Sources */,
				18C459401DF033CC00E40FEA /* FriendsTableViewController.swift in Sources */,
				18A2C6FF1DEE0138000DD6B6 /* GeneralHelper.swift in Sources */,
				18A2C7031DEE026E000DD6B6 /* WelcomeViewController.swift in Sources */,
				18A2C70C1DEE059C000DD6B6 /* User.swift in Sources */,
				18A2C6FD1DEDFF9D000DD6B6 /* InboxViewController.swift in Sources */,
				18A2C7101DEE0952000DD6B6 /* AuthService.swift in Sources */,
				1837D22F1DEF57930035E9F8 /* EditFriendsTableViewController.swift in Sources */,
				18491F031DEDF21400103725 /* AppDelegate.swift in Sources */,
				18AD93A91DEF665A00094421 /* UserCell.swift in Sources */,
				18A2C7051DEE0316000DD6B6 /* SignupTableViewController.swift in Sources */,
			);
			runOnlyForDeploymentPostprocessing = 0;
		};
/* End PBXSourcesBuildPhase section */

/* Begin PBXVariantGroup section */
		18491F061DEDF21400103725 /* Main.storyboard */ = {
			isa = PBXVariantGroup;
			children = (
				18491F071DEDF21400103725 /* Base */,
			);
			name = Main.storyboard;
			sourceTree = "<group>";
		};
		18491F0B1DEDF21400103725 /* LaunchScreen.storyboard */ = {
			isa = PBXVariantGroup;
			children = (
				18491F0C1DEDF21400103725 /* Base */,
			);
			name = LaunchScreen.storyboard;
			sourceTree = "<group>";
		};
/* End PBXVariantGroup section */

/* Begin XCBuildConfiguration section */
		18491F0F1DEDF21400103725 /* Debug */ = {
			isa = XCBuildConfiguration;
			buildSettings = {
				ALWAYS_SEARCH_USER_PATHS = NO;
				CLANG_ANALYZER_NONNULL = YES;
				CLANG_CXX_LANGUAGE_STANDARD = "gnu++0x";
				CLANG_CXX_LIBRARY = "libc++";
				CLANG_ENABLE_MODULES = YES;
				CLANG_ENABLE_OBJC_ARC = YES;
				CLANG_WARN_BOOL_CONVERSION = YES;
				CLANG_WARN_CONSTANT_CONVERSION = YES;
				CLANG_WARN_DIRECT_OBJC_ISA_USAGE = YES_ERROR;
				CLANG_WARN_DOCUMENTATION_COMMENTS = YES;
				CLANG_WARN_EMPTY_BODY = YES;
				CLANG_WARN_ENUM_CONVERSION = YES;
				CLANG_WARN_INFINITE_RECURSION = YES;
				CLANG_WARN_INT_CONVERSION = YES;
				CLANG_WARN_OBJC_ROOT_CLASS = YES_ERROR;
				CLANG_WARN_SUSPICIOUS_MOVES = YES;
				CLANG_WARN_UNREACHABLE_CODE = YES;
				CLANG_WARN__DUPLICATE_METHOD_MATCH = YES;
				"CODE_SIGN_IDENTITY[sdk=iphoneos*]" = "iPhone Developer";
				COPY_PHASE_STRIP = NO;
				DEBUG_INFORMATION_FORMAT = dwarf;
				ENABLE_STRICT_OBJC_MSGSEND = YES;
				ENABLE_TESTABILITY = YES;
				GCC_C_LANGUAGE_STANDARD = gnu99;
				GCC_DYNAMIC_NO_PIC = NO;
				GCC_NO_COMMON_BLOCKS = YES;
				GCC_OPTIMIZATION_LEVEL = 0;
				GCC_PREPROCESSOR_DEFINITIONS = (
					"DEBUG=1",
					"$(inherited)",
				);
				GCC_WARN_64_TO_32_BIT_CONVERSION = YES;
				GCC_WARN_ABOUT_RETURN_TYPE = YES_ERROR;
				GCC_WARN_UNDECLARED_SELECTOR = YES;
				GCC_WARN_UNINITIALIZED_AUTOS = YES_AGGRESSIVE;
				GCC_WARN_UNUSED_FUNCTION = YES;
				GCC_WARN_UNUSED_VARIABLE = YES;
				IPHONEOS_DEPLOYMENT_TARGET = 10.1;
				MTL_ENABLE_DEBUG_INFO = YES;
				ONLY_ACTIVE_ARCH = YES;
				SDKROOT = iphoneos;
				SWIFT_ACTIVE_COMPILATION_CONDITIONS = DEBUG;
				SWIFT_OPTIMIZATION_LEVEL = "-Onone";
				TARGETED_DEVICE_FAMILY = "1,2";
			};
			name = Debug;
		};
		18491F101DEDF21400103725 /* Release */ = {
			isa = XCBuildConfiguration;
			buildSettings = {
				ALWAYS_SEARCH_USER_PATHS = NO;
				CLANG_ANALYZER_NONNULL = YES;
				CLANG_CXX_LANGUAGE_STANDARD = "gnu++0x";
				CLANG_CXX_LIBRARY = "libc++";
				CLANG_ENABLE_MODULES = YES;
				CLANG_ENABLE_OBJC_ARC = YES;
				CLANG_WARN_BOOL_CONVERSION = YES;
				CLANG_WARN_CONSTANT_CONVERSION = YES;
				CLANG_WARN_DIRECT_OBJC_ISA_USAGE = YES_ERROR;
				CLANG_WARN_DOCUMENTATION_COMMENTS = YES;
				CLANG_WARN_EMPTY_BODY = YES;
				CLANG_WARN_ENUM_CONVERSION = YES;
				CLANG_WARN_INFINITE_RECURSION = YES;
				CLANG_WARN_INT_CONVERSION = YES;
				CLANG_WARN_OBJC_ROOT_CLASS = YES_ERROR;
				CLANG_WARN_SUSPICIOUS_MOVES = YES;
				CLANG_WARN_UNREACHABLE_CODE = YES;
				CLANG_WARN__DUPLICATE_METHOD_MATCH = YES;
				"CODE_SIGN_IDENTITY[sdk=iphoneos*]" = "iPhone Developer";
				COPY_PHASE_STRIP = NO;
				DEBUG_INFORMATION_FORMAT = "dwarf-with-dsym";
				ENABLE_NS_ASSERTIONS = NO;
				ENABLE_STRICT_OBJC_MSGSEND = YES;
				GCC_C_LANGUAGE_STANDARD = gnu99;
				GCC_NO_COMMON_BLOCKS = YES;
				GCC_WARN_64_TO_32_BIT_CONVERSION = YES;
				GCC_WARN_ABOUT_RETURN_TYPE = YES_ERROR;
				GCC_WARN_UNDECLARED_SELECTOR = YES;
				GCC_WARN_UNINITIALIZED_AUTOS = YES_AGGRESSIVE;
				GCC_WARN_UNUSED_FUNCTION = YES;
				GCC_WARN_UNUSED_VARIABLE = YES;
				IPHONEOS_DEPLOYMENT_TARGET = 10.1;
				MTL_ENABLE_DEBUG_INFO = NO;
				SDKROOT = iphoneos;
				SWIFT_OPTIMIZATION_LEVEL = "-Owholemodule";
				TARGETED_DEVICE_FAMILY = "1,2";
				VALIDATE_PRODUCT = YES;
			};
			name = Release;
		};
		18491F121DEDF21400103725 /* Debug */ = {
			isa = XCBuildConfiguration;
			baseConfigurationReference = 64606941F53D4CBC3C3CC92D /* Pods-SnappyChatty.debug.xcconfig */;
			buildSettings = {
				ASSETCATALOG_COMPILER_APPICON_NAME = AppIcon;
				DEVELOPMENT_TEAM = 358V8FBM3U;
				INFOPLIST_FILE = SnappyChatty/Info.plist;
				LD_RUNPATH_SEARCH_PATHS = "$(inherited) @executable_path/Frameworks";
				PRODUCT_BUNDLE_IDENTIFIER = com.antonnovoselov.SnappyChatty;
				PRODUCT_NAME = "$(TARGET_NAME)";
				SWIFT_VERSION = 3.0;
			};
			name = Debug;
		};
		18491F131DEDF21400103725 /* Release */ = {
			isa = XCBuildConfiguration;
			baseConfigurationReference = EC152AE8F10872D8B67E3313 /* Pods-SnappyChatty.release.xcconfig */;
			buildSettings = {
				ASSETCATALOG_COMPILER_APPICON_NAME = AppIcon;
				DEVELOPMENT_TEAM = 358V8FBM3U;
				INFOPLIST_FILE = SnappyChatty/Info.plist;
				LD_RUNPATH_SEARCH_PATHS = "$(inherited) @executable_path/Frameworks";
				PRODUCT_BUNDLE_IDENTIFIER = com.antonnovoselov.SnappyChatty;
				PRODUCT_NAME = "$(TARGET_NAME)";
				SWIFT_VERSION = 3.0;
			};
			name = Release;
		};
/* End XCBuildConfiguration section */

/* Begin XCConfigurationList section */
		18491EFA1DEDF21400103725 /* Build configuration list for PBXProject "SnappyChatty" */ = {
			isa = XCConfigurationList;
			buildConfigurations = (
				18491F0F1DEDF21400103725 /* Debug */,
				18491F101DEDF21400103725 /* Release */,
			);
			defaultConfigurationIsVisible = 0;
			defaultConfigurationName = Release;
		};
		18491F111DEDF21400103725 /* Build configuration list for PBXNativeTarget "SnappyChatty" */ = {
			isa = XCConfigurationList;
			buildConfigurations = (
				18491F121DEDF21400103725 /* Debug */,
				18491F131DEDF21400103725 /* Release */,
			);
			defaultConfigurationIsVisible = 0;
			defaultConfigurationName = Release;
		};
/* End XCConfigurationList section */
	};
	rootObject = 18491EF71DEDF21400103725 /* Project object */;
}
